
Microsoft Visual Studio Solution File, Format Version 12.00
# Visual Studio Version 17
VisualStudioVersion = 17.8.34309.116
MinimumVisualStudioVersion = 10.0.40219.1
Project("{FAE04EC0-301F-11D3-BF4B-00C04F79EFBC}") = "JmaCodeDictionaryGenerator", "JmaCodeDictionaryGenerator\JmaCodeDictionaryGenerator.csproj", "{D457D631-E117-4E1F-BFBF-E14E0ED7DB49}"
EndProject
Global
	GlobalSection(SolutionConfigurationPlatforms) = preSolution
		Debug|Any CPU = Debug|Any CPU
		Release|Any CPU = Release|Any CPU
	EndGlobalSection
	GlobalSection(ProjectConfigurationPlatforms) = postSolution
		{D457D631-E117-4E1F-BFBF-E14E0ED7DB49}.Debug|Any CPU.ActiveCfg = Debug|Any CPU
		{D457D631-E117-4E1F-BFBF-E14E0ED7DB49}.Debug|Any CPU.Build.0 = Debug|Any CPU
		{D457D631-E117-4E1F-BFBF-E14E0ED7DB49}.Release|Any CPU.ActiveCfg = Release|Any CPU
		{D457D631-E117-4E1F-BFBF-E14E0ED7DB49}.Release|Any CPU.Build.0 = Release|Any CPU
	EndGlobalSection
	GlobalSection(SolutionProperties) = preSolution
		HideSolutionNode = FALSE
	EndGlobalSection
	GlobalSection(ExtensibilityGlobals) = postSolution
		SolutionGuid = {40DC49D7-DA29-42AD-8CDF-C83061E3AAD7}
	EndGlobalSection
EndGlobal
